
Microsoft Visual Studio Solution File, Format Version 12.00
# Visual Studio 2015
Project("{FAE04EC0-301F-11D3-BF4B-00C04F79EFBC}") = "UnityLearningMecanim.CSharp", "UnityLearningMecanim.CSharp.csproj", "{6520421A-0917-B2A2-F336-C23BB942DF76}"
EndProject
Global
	GlobalSection(SolutionConfigurationPlatforms) = preSolution
		Debug|Any CPU = Debug|Any CPU
		Release|Any CPU = Release|Any CPU
	EndGlobalSection
	GlobalSection(ProjectConfigurationPlatforms) = postSolution
		{6520421A-0917-B2A2-F336-C23BB942DF76}.Debug|Any CPU.ActiveCfg = Debug|Any CPU
		{6520421A-0917-B2A2-F336-C23BB942DF76}.Debug|Any CPU.Build.0 = Debug|Any CPU
		{6520421A-0917-B2A2-F336-C23BB942DF76}.Release|Any CPU.ActiveCfg = Release|Any CPU
		{6520421A-0917-B2A2-F336-C23BB942DF76}.Release|Any CPU.Build.0 = Release|Any CPU
	EndGlobalSection
	GlobalSection(SolutionProperties) = preSolution
		HideSolutionNode = FALSE
	EndGlobalSection
EndGlobal
